{
  "name": "ajs_check",
  "version": "1.0.0",
  "lockfileVersion": 3,
  "requires": true,
  "packages": {
    "": {
      "name": "ajs_check",
      "version": "1.0.0",
      "license": "ISC",
      "dependencies": {
        "@eineleine/ajs": "^1.0.2"
      }
    },
    "node_modules/@eineleine/ajs": {
      "version": "1.0.2",
      "resolved": "https://npm.pkg.github.com/download/@eineleine/ajs/1.0.2/1e2c474be693219d59d5fbf2a707a13142a17ada",
      "integrity": "sha512-GZDNIjYaqd6DBd1jcoxe05/9VKMwCEaV/5sB6QgJ+F8pGeAabbydJGQMna216shCJw+THWDXZZ/W3QpQ4xYZfg=="
    }
  }
}
